Microsoft Visual Studio Solution File, Format Version 11.00
# Visual Studio 2008

Project("{DC1D2A4D-5918-57F0-A0DD-38B4EBCF5A72}") = "Adventure", "Assembly-CSharp-firstpass.csproj", "{7ECB1D8C-ECD2-0210-E83F-9DA21831231E}"
EndProject
Project("{DC1D2A4D-5918-57F0-A0DD-38B4EBCF5A72}") = "Adventure", "Assembly-CSharp.csproj", "{33937CBC-456E-2B3B-AD4B-9EE246125F00}"
EndProject
Project("{DC1D2A4D-5918-57F0-A0DD-38B4EBCF5A72}") = "Adventure", "Assembly-CSharp-Editor.csproj", "{39B592FA-673A-D0D7-FBAF-CA258945D0E6}"
EndProject
Project("{DC1D2A4D-5918-57F0-A0DD-38B4EBCF5A72}") = "Adventure", "Assembly-UnityScript-firstpass.unityproj", "{7323DEE6-54AF-9DFB-FD8B-640C8969C33A}"
EndProject
Global
	GlobalSection(SolutionConfigurationPlatforms) = preSolution
		Debug|Any CPU = Debug|Any CPU
		Release|Any CPU = Release|Any CPU
	EndGlobalSection
	GlobalSection(ProjectConfigurationPlatforms) = postSolution
		{7ECB1D8C-ECD2-0210-E83F-9DA21831231E}.Debug|Any CPU.ActiveCfg = Debug|Any CPU
		{7ECB1D8C-ECD2-0210-E83F-9DA21831231E}.Debug|Any CPU.Build.0 = Debug|Any CPU
		{7ECB1D8C-ECD2-0210-E83F-9DA21831231E}.Release|Any CPU.ActiveCfg = Release|Any CPU
		{7ECB1D8C-ECD2-0210-E83F-9DA21831231E}.Release|Any CPU.Build.0 = Release|Any CPU
		{33937CBC-456E-2B3B-AD4B-9EE246125F00}.Debug|Any CPU.ActiveCfg = Debug|Any CPU
		{33937CBC-456E-2B3B-AD4B-9EE246125F00}.Debug|Any CPU.Build.0 = Debug|Any CPU
		{33937CBC-456E-2B3B-AD4B-9EE246125F00}.Release|Any CPU.ActiveCfg = Release|Any CPU
		{33937CBC-456E-2B3B-AD4B-9EE246125F00}.Release|Any CPU.Build.0 = Release|Any CPU
		{39B592FA-673A-D0D7-FBAF-CA258945D0E6}.Debug|Any CPU.ActiveCfg = Debug|Any CPU
		{39B592FA-673A-D0D7-FBAF-CA258945D0E6}.Debug|Any CPU.Build.0 = Debug|Any CPU
		{39B592FA-673A-D0D7-FBAF-CA258945D0E6}.Release|Any CPU.ActiveCfg = Release|Any CPU
		{39B592FA-673A-D0D7-FBAF-CA258945D0E6}.Release|Any CPU.Build.0 = Release|Any CPU
		{7323DEE6-54AF-9DFB-FD8B-640C8969C33A}.Debug|Any CPU.ActiveCfg = Debug|Any CPU
		{7323DEE6-54AF-9DFB-FD8B-640C8969C33A}.Debug|Any CPU.Build.0 = Debug|Any CPU
		{7323DEE6-54AF-9DFB-FD8B-640C8969C33A}.Release|Any CPU.ActiveCfg = Release|Any CPU
		{7323DEE6-54AF-9DFB-FD8B-640C8969C33A}.Release|Any CPU.Build.0 = Release|Any CPU
	EndGlobalSection
	GlobalSection(SolutionProperties) = preSolution
		HideSolutionNode = FALSE
	EndGlobalSection
																																						GlobalSection(MonoDevelopProperties) = preSolution
		StartupItem = Assembly-CSharp.csproj
		Policies = $0
		$0.TextStylePolicy = $1
		$1.inheritsSet = VisualStudio
		$1.inheritsScope = text/plain
		$1.scope = text/x-csharp
		$0.CSharpFormattingPolicy = $2
		$2.IndentSwitchBody = True
		$2.AnonymousMethodBraceStyle = NextLine
		$2.PropertyBraceStyle = NextLine
		$2.PropertyGetBraceStyle = NextLine
		$2.PropertySetBraceStyle = NextLine
		$2.EventBraceStyle = NextLine
		$2.EventAddBraceStyle = NextLine
		$2.EventRemoveBraceStyle = NextLine
		$2.StatementBraceStyle = NextLine
		$2.ArrayInitializerBraceStyle = NextLine
		$2.BeforeMethodDeclarationParentheses = False
		$2.BeforeMethodCallParentheses = False
		$2.BeforeConstructorDeclarationParentheses = False
		$2.BeforeDelegateDeclarationParentheses = False
		$2.NewParentheses = False
		$2.inheritsSet = Mono
		$2.inheritsScope = text/x-csharp
		$2.scope = text/x-csharp
		$0.TextStylePolicy = $3
		$3.FileWidth = 120
		$3.TabWidth = 4
		$3.EolMarker = Unix
		$3.inheritsSet = Mono
		$3.inheritsScope = text/plain
		$3.scope = text/plain
	EndGlobalSection

EndGlobal
